
Microsoft Visual Studio Solution File, Format Version 12.00
# Visual Studio 14
VisualStudioVersion = 14.0.25420.1
MinimumVisualStudioVersion = 10.0.40219.1
Project("{FAE04EC0-301F-11D3-BF4B-00C04F79EFBC}") = "Playlists.NET", "Playlists.NET\Playlists.NET.csproj", "{AE595073-E082-4D49-8802-76DC61C46186}"
EndProject
Project("{FAE04EC0-301F-11D3-BF4B-00C04F79EFBC}") = "Playlists.NET.Tests", "Playlists.NET.Tests\Playlists.NET.Tests.csproj", "{53F760E5-BF9E-4B95-8C9F-20F080DD24EC}"
EndProject
Global
	GlobalSection(SolutionConfigurationPlatforms) = preSolution
		Debug|Any CPU = Debug|Any CPU
		Release|Any CPU = Release|Any CPU
	EndGlobalSection
	GlobalSection(ProjectConfigurationPlatforms) = postSolution
		{AE595073-E082-4D49-8802-76DC61C46186}.Debug|Any CPU.ActiveCfg = Debug|Any CPU
		{AE595073-E082-4D49-8802-76DC61C46186}.Debug|Any CPU.Build.0 = Debug|Any CPU
		{AE595073-E082-4D49-8802-76DC61C46186}.Release|Any CPU.ActiveCfg = Release|Any CPU
		{AE595073-E082-4D49-8802-76DC61C46186}.Release|Any CPU.Build.0 = Release|Any CPU
		{53F760E5-BF9E-4B95-8C9F-20F080DD24EC}.Debug|Any CPU.ActiveCfg = Debug|Any CPU
		{53F760E5-BF9E-4B95-8C9F-20F080DD24EC}.Debug|Any CPU.Build.0 = Debug|Any CPU
		{53F760E5-BF9E-4B95-8C9F-20F080DD24EC}.Release|Any CPU.ActiveCfg = Release|Any CPU
		{53F760E5-BF9E-4B95-8C9F-20F080DD24EC}.Release|Any CPU.Build.0 = Release|Any CPU
	EndGlobalSection
	GlobalSection(SolutionProperties) = preSolution
		HideSolutionNode = FALSE
	EndGlobalSection
EndGlobal
